
Microsoft Visual Studio Solution File, Format Version 12.00
# Visual Studio Version 16
VisualStudioVersion = 16.0.30717.126
MinimumVisualStudioVersion = 10.0.40219.1
Project("{9A19103F-16F7-4668-BE54-9A1E7A4F7556}") = "Dy.Template.Task", "Dy.Template.Task\Dy.Template.Task.csproj", "{673442EF-49E8-4771-9869-E57483565902}"
EndProject
Project("{9A19103F-16F7-4668-BE54-9A1E7A4F7556}") = "Dy.Template.Test", "Dy.Template.Test\Dy.Template.Test.csproj", "{A457BFE2-206A-46FC-B540-80B88F819137}"
EndProject
Project("{9A19103F-16F7-4668-BE54-9A1E7A4F7556}") = "Dy.Template.WebAPI", "Dy.Template.WebAPI\Dy.Template.WebAPI.csproj", "{9680BD1C-CB48-41A2-860B-764B94723C3F}"
EndProject
Global
	GlobalSection(SolutionConfigurationPlatforms) = preSolution
		Debug|Any CPU = Debug|Any CPU
		Release|Any CPU = Release|Any CPU
	EndGlobalSection
	GlobalSection(ProjectConfigurationPlatforms) = postSolution
		{673442EF-49E8-4771-9869-E57483565902}.Debug|Any CPU.ActiveCfg = Debug|Any CPU
		{673442EF-49E8-4771-9869-E57483565902}.Debug|Any CPU.Build.0 = Debug|Any CPU
		{673442EF-49E8-4771-9869-E57483565902}.Release|Any CPU.ActiveCfg = Release|Any CPU
		{673442EF-49E8-4771-9869-E57483565902}.Release|Any CPU.Build.0 = Release|Any CPU
		{A457BFE2-206A-46FC-B540-80B88F819137}.Debug|Any CPU.ActiveCfg = Debug|Any CPU
		{A457BFE2-206A-46FC-B540-80B88F819137}.Debug|Any CPU.Build.0 = Debug|Any CPU
		{A457BFE2-206A-46FC-B540-80B88F819137}.Release|Any CPU.ActiveCfg = Release|Any CPU
		{A457BFE2-206A-46FC-B540-80B88F819137}.Release|Any CPU.Build.0 = Release|Any CPU
		{9680BD1C-CB48-41A2-860B-764B94723C3F}.Debug|Any CPU.ActiveCfg = Debug|Any CPU
		{9680BD1C-CB48-41A2-860B-764B94723C3F}.Debug|Any CPU.Build.0 = Debug|Any CPU
		{9680BD1C-CB48-41A2-860B-764B94723C3F}.Release|Any CPU.ActiveCfg = Release|Any CPU
		{9680BD1C-CB48-41A2-860B-764B94723C3F}.Release|Any CPU.Build.0 = Release|Any CPU
	EndGlobalSection
	GlobalSection(SolutionProperties) = preSolution
		HideSolutionNode = FALSE
	EndGlobalSection
	GlobalSection(ExtensibilityGlobals) = postSolution
		SolutionGuid = {F9C7F918-C284-432D-8E05-348138797FAF}
	EndGlobalSection
EndGlobal
